<?xml version="1.0" encoding="utf-8"?>
<Project ToolsVersion="4.0" xmlns="http://schemas.microsoft.com/developer/msbuild/2003">
  <ItemGroup>
    <ClCompile Include="test.cpp" />
    <ClCompile Include="pch.cpp" />
  </ItemGroup>
  <ItemGroup>
    <ClInclude Include="pch.h" />
    <ClInclude Include="TestAI.h">
      <Filter>Header Files</Filter>
    </ClInclude>
    <ClInclude Include="TestColor.h">
      <Filter>Header Files</Filter>
    </ClInclude>
    <ClInclude Include="TestMaths.h">
      <Filter>Header Files</Filter>
    </ClInclude>
    <ClInclude Include="TestMatrix.h">
      <Filter>Header Files</Filter>
    </ClInclude>
    <ClInclude Include="TestMinHeap.h">
      <Filter>Header Files</Filter>
    </ClInclude>
    <ClInclude Include="TestNBT.h">
      <Filter>Header Files</Filter>
    </ClInclude>
    <ClInclude Include="TestPhysicalObject.h">
      <Filter>Header Files</Filter>
    </ClInclude>
    <ClInclude Include="TestPositional.h">
      <Filter>Header Files</Filter>
    </ClInclude>
    <ClInclude Include="TestQuaternion.h">
      <Filter>Header Files</Filter>
    </ClInclude>
    <ClInclude Include="TestSurface.h">
      <Filter>Header Files</Filter>
    </ClInclude>
    <ClInclude Include="TestTextSurface.h">
      <Filter>Header Files</Filter>
    </ClInclude>
    <ClInclude Include="TestTimer.h">
      <Filter>Header Files</Filter>
    </ClInclude>
    <ClInclude Include="TestUtils.h">
      <Filter>Header Files</Filter>
    </ClInclude>
    <ClInclude Include="TestVecN.h">
      <Filter>Header Files</Filter>
    </ClInclude>
    <ClInclude Include="TestAnimSurface.h">
      <Filter>Header Files</Filter>
    </ClInclude>
    <ClInclude Include="TestWindowManager.h">
      <Filter>Header Files</Filter>
    </ClInclude>
    <ClInclude Include="TestCompassDirection.h">
      <Filter>Header Files</Filter>
    </ClInclude>
    <ClInclude Include="TestFileManager.h">
      <Filter>Header Files</Filter>
    </ClInclude>
    <ClInclude Include="TestSingleton.h">
      <Filter>Header Files</Filter>
    </ClInclude>
    <ClInclude Include="TestMeshManager.h">
      <Filter>Header Files</Filter>
    </ClInclude>
  </ItemGroup>
  <ItemGroup>
    <None Include="packages.config" />
  </ItemGroup>
  <ItemGroup>
    <Filter Include="Header Files">
      <UniqueIdentifier>{6457c8e5-2339-4312-9a13-e7194263df5b}</UniqueIdentifier>
    </Filter>
  </ItemGroup>
</Project>