<?xml version="1.0" encoding="utf-8"?>
<Project ToolsVersion="4.0" xmlns="http://schemas.microsoft.com/developer/msbuild/2003">
  <ItemGroup>
    <Filter Include="Source Files">
      <UniqueIdentifier>{4FC737F1-C7A5-4376-A066-2A32D752A2FF}</UniqueIdentifier>
      <Extensions>cpp;c;cc;cxx;def;odl;idl;hpj;bat;asm;asmx</Extensions>
    </Filter>
    <Filter Include="Header Files">
      <UniqueIdentifier>{93995380-89BD-4b04-88EB-625FBE52EBFB}</UniqueIdentifier>
      <Extensions>h;hh;hpp;hxx;hm;inl;inc;xsd</Extensions>
    </Filter>
    <Filter Include="Resource Files">
      <UniqueIdentifier>{67DA6AB6-F800-4c08-8B7A-83BB121AAD01}</UniqueIdentifier>
      <Extensions>rc;ico;cur;bmp;dlg;rc2;rct;bin;rgs;gif;jpg;jpeg;jpe;resx;tiff;tif;png;wav;mfcribbon-ms</Extensions>
    </Filter>
  </ItemGroup>
  <ItemGroup>
    <ClInclude Include="include\_DefaultDefines.h">
      <Filter>Header Files</Filter>
    </ClInclude>
    <ClInclude Include="include\AI.h">
      <Filter>Header Files</Filter>
    </ClInclude>
    <ClInclude Include="include\AnimSurface.h">
      <Filter>Header Files</Filter>
    </ClInclude>
    <ClInclude Include="include\BoundsManager.h">
      <Filter>Header Files</Filter>
    </ClInclude>
    <ClInclude Include="include\Color.h">
      <Filter>Header Files</Filter>
    </ClInclude>
    <ClInclude Include="include\CompassDirection.h">
      <Filter>Header Files</Filter>
    </ClInclude>
    <ClInclude Include="include\CoordMap.h">
      <Filter>Header Files</Filter>
    </ClInclude>
    <ClInclude Include="include\EventManager.h">
      <Filter>Header Files</Filter>
    </ClInclude>
    <ClInclude Include="include\Exception.h">
      <Filter>Header Files</Filter>
    </ClInclude>
    <ClInclude Include="include\FileManager.h">
      <Filter>Header Files</Filter>
    </ClInclude>
    <ClInclude Include="include\FontManager.h">
      <Filter>Header Files</Filter>
    </ClInclude>
    <ClInclude Include="include\GUI.h">
      <Filter>Header Files</Filter>
    </ClInclude>
    <ClInclude Include="include\Matrix.h">
      <Filter>Header Files</Filter>
    </ClInclude>
    <ClInclude Include="include\MovableSurface.h">
      <Filter>Header Files</Filter>
    </ClInclude>
    <ClInclude Include="include\NBT.h">
      <Filter>Header Files</Filter>
    </ClInclude>
    <ClInclude Include="include\ParticleEngine.h">
      <Filter>Header Files</Filter>
    </ClInclude>
    <ClInclude Include="include\PhysicalObject.h">
      <Filter>Header Files</Filter>
    </ClInclude>
    <ClInclude Include="include\Positional.h">
      <Filter>Header Files</Filter>
    </ClInclude>
    <ClInclude Include="include\RandomManager.h">
      <Filter>Header Files</Filter>
    </ClInclude>
    <ClInclude Include="include\Singleton.h">
      <Filter>Header Files</Filter>
    </ClInclude>
    <ClInclude Include="include\SoundManager.h">
      <Filter>Header Files</Filter>
    </ClInclude>
    <ClInclude Include="include\Surface.h">
      <Filter>Header Files</Filter>
    </ClInclude>
    <ClInclude Include="include\TextSurface.h">
      <Filter>Header Files</Filter>
    </ClInclude>
    <ClInclude Include="include\ThreadManager.h">
      <Filter>Header Files</Filter>
    </ClInclude>
    <ClInclude Include="include\TileSystem.h">
      <Filter>Header Files</Filter>
    </ClInclude>
    <ClInclude Include="include\Timer.h">
      <Filter>Header Files</Filter>
    </ClInclude>
    <ClInclude Include="include\Utils.h">
      <Filter>Header Files</Filter>
    </ClInclude>
    <ClInclude Include="include\VecN.h">
      <Filter>Header Files</Filter>
    </ClInclude>
    <ClInclude Include="include\WindowManager.h">
      <Filter>Header Files</Filter>
    </ClInclude>
    <ClInclude Include="include\MinHeap.h">
      <Filter>Header Files</Filter>
    </ClInclude>
    <ClInclude Include="include\MeshManager.h">
      <Filter>Header Files</Filter>
    </ClInclude>
    <ClInclude Include="include\Quaternion.h">
      <Filter>Header Files</Filter>
    </ClInclude>
    <ClInclude Include="ScriptManager.h">
      <Filter>Header Files</Filter>
    </ClInclude>
  </ItemGroup>
  <ItemGroup>
    <ClCompile Include="src\AI.cpp">
      <Filter>Source Files</Filter>
    </ClCompile>
    <ClCompile Include="src\AnimSurface.cpp">
      <Filter>Source Files</Filter>
    </ClCompile>
    <ClCompile Include="src\BoundsManager.cpp">
      <Filter>Source Files</Filter>
    </ClCompile>
    <ClCompile Include="src\Color.cpp">
      <Filter>Source Files</Filter>
    </ClCompile>
    <ClCompile Include="src\CompassDirection.cpp">
      <Filter>Source Files</Filter>
    </ClCompile>
    <ClCompile Include="src\CoordMap.cpp">
      <Filter>Source Files</Filter>
    </ClCompile>
    <ClCompile Include="src\EventManager.cpp">
      <Filter>Source Files</Filter>
    </ClCompile>
    <ClCompile Include="src\Exception.cpp">
      <Filter>Source Files</Filter>
    </ClCompile>
    <ClCompile Include="src\FileManager.cpp">
      <Filter>Source Files</Filter>
    </ClCompile>
    <ClCompile Include="src\FontManager.cpp">
      <Filter>Source Files</Filter>
    </ClCompile>
    <ClCompile Include="src\GUI.cpp">
      <Filter>Source Files</Filter>
    </ClCompile>
    <ClCompile Include="src\Matrix.cpp">
      <Filter>Source Files</Filter>
    </ClCompile>
    <ClCompile Include="src\MovableSurface.cpp">
      <Filter>Source Files</Filter>
    </ClCompile>
    <ClCompile Include="src\NBT.cpp">
      <Filter>Source Files</Filter>
    </ClCompile>
    <ClCompile Include="src\ParticleEngine.cpp">
      <Filter>Source Files</Filter>
    </ClCompile>
    <ClCompile Include="src\PhysicalObject.cpp">
      <Filter>Source Files</Filter>
    </ClCompile>
    <ClCompile Include="src\Positional.cpp">
      <Filter>Source Files</Filter>
    </ClCompile>
    <ClCompile Include="src\RandomManager.cpp">
      <Filter>Source Files</Filter>
    </ClCompile>
    <ClCompile Include="src\SoundManager.cpp">
      <Filter>Source Files</Filter>
    </ClCompile>
    <ClCompile Include="src\Surface.cpp">
      <Filter>Source Files</Filter>
    </ClCompile>
    <ClCompile Include="src\TextSurface.cpp">
      <Filter>Source Files</Filter>
    </ClCompile>
    <ClCompile Include="src\ThreadManager.cpp">
      <Filter>Source Files</Filter>
    </ClCompile>
    <ClCompile Include="src\TileSystem.cpp">
      <Filter>Source Files</Filter>
    </ClCompile>
    <ClCompile Include="src\Timer.cpp">
      <Filter>Source Files</Filter>
    </ClCompile>
    <ClCompile Include="src\Utils.cpp">
      <Filter>Source Files</Filter>
    </ClCompile>
    <ClCompile Include="src\VecN.cpp">
      <Filter>Source Files</Filter>
    </ClCompile>
    <ClCompile Include="src\WindowManager.cpp">
      <Filter>Source Files</Filter>
    </ClCompile>
    <ClCompile Include="src\MinHeap.cpp">
      <Filter>Source Files</Filter>
    </ClCompile>
    <ClCompile Include="src\MeshManager.cpp">
      <Filter>Source Files</Filter>
    </ClCompile>
    <ClCompile Include="src\Quaternion.cpp">
      <Filter>Source Files</Filter>
    </ClCompile>
  </ItemGroup>
</Project>